<?xml version="1.0" encoding="utf-8"?>
<Project ToolsVersion="4.0" xmlns="http://schemas.microsoft.com/developer/msbuild/2003">
  <ItemGroup>
    <Filter Include="Source Files">
      <UniqueIdentifier>{4FC737F1-C7A5-4376-A066-2A32D752A2FF}</UniqueIdentifier>
      <Extensions>cpp;c;cc;cxx;c++;cppm;ixx;def;odl;idl;hpj;bat;asm;asmx</Extensions>
    </Filter>
    <Filter Include="Resource Files">
      <UniqueIdentifier>{67DA6AB6-F800-4c08-8B7A-83BB121AAD01}</UniqueIdentifier>
      <Extensions>rc;ico;cur;bmp;dlg;rc2;rct;bin;rgs;gif;jpg;jpeg;jpe;resx;tiff;tif;png;wav;mfcribbon-ms</Extensions>
    </Filter>
    <Filter Include="ImGui">
      <UniqueIdentifier>{3eec3443-9171-4a3c-b1ed-2d237fef303f}</UniqueIdentifier>
    </Filter>
    <Filter Include="Source Files\Application">
      <UniqueIdentifier>{5e23a621-cd45-4291-8567-28960f556b71}</UniqueIdentifier>
    </Filter>
  </ItemGroup>
  <ItemGroup>
    <ClCompile Include="Main.cpp">
      <Filter>Source Files</Filter>
    </ClCompile>
    <ClCompile Include="..\..\ImGuiProjects\imguitest\imgui.cpp">
      <Filter>Source Files</Filter>
    </ClCompile>
    <ClCompile Include="..\..\ImGuiProjects\imguitest\imgui_demo.cpp">
      <Filter>Source Files</Filter>
    </ClCompile>
    <ClCompile Include="..\..\ImGuiProjects\imguitest\imgui_draw.cpp">
      <Filter>Source Files</Filter>
    </ClCompile>
    <ClCompile Include="..\..\ImGuiProjects\imguitest\imgui_impl_glfw.cpp">
      <Filter>Source Files</Filter>
    </ClCompile>
    <ClCompile Include="..\..\ImGuiProjects\imguitest\imgui_impl_opengl3.cpp">
      <Filter>Source Files</Filter>
    </ClCompile>
    <ClCompile Include="..\..\ImGuiProjects\imguitest\imgui_tables.cpp">
      <Filter>Source Files</Filter>
    </ClCompile>
    <ClCompile Include="..\..\ImGuiProjects\imguitest\imgui_widgets.cpp">
      <Filter>Source Files</Filter>
    </ClCompile>
    <ClCompile Include="Vendor\stb_image\std_image.cpp">
      <Filter>Source Files</Filter>
    </ClCompile>
    <ClCompile Include="Vendor\GLAD\glad.c">
      <Filter>Source Files</Filter>
    </ClCompile>
    <ClCompile Include="Services\Helpers\Helpers.cpp">
      <Filter>Source Files</Filter>
    </ClCompile>
    <ClCompile Include="Services\DynamicFunction\DynamicFunctionFabric.cpp">
      <Filter>Source Files</Filter>
    </ClCompile>
    <ClCompile Include="Services\DynamicFunction\DllFileBuilder.cpp">
      <Filter>Source Files</Filter>
    </ClCompile>
    <ClCompile Include="Services\3DAuxiliaryFunctions\IndexGenerator\IGTopSquaresProjection\IGTopSquaresProjection.cpp">
      <Filter>Source Files</Filter>
    </ClCompile>
    <ClCompile Include="Services\3DAuxiliaryFunctions\VectorFunctions.cpp">
      <Filter>Source Files</Filter>
    </ClCompile>
    <ClCompile Include="Services\BatchRendering\GLBuffer.cpp">
      <Filter>Source Files</Filter>
    </ClCompile>
    <ClCompile Include="Services\BatchRendering\InputBuffer.cpp">
      <Filter>Source Files</Filter>
    </ClCompile>
    <ClCompile Include="Services\BatchRendering\FrameViewManager.cpp">
      <Filter>Source Files</Filter>
    </ClCompile>
    <ClCompile Include="Modules\GraphModule.cpp">
      <Filter>Source Files</Filter>
    </ClCompile>
    <ClCompile Include="Services\BatchRendering\RenderUnits\ru_graph.cpp">
      <Filter>Source Files</Filter>
    </ClCompile>
    <ClCompile Include="Services\Graphs\Graph2to1.cpp">
      <Filter>Source Files</Filter>
    </ClCompile>
    <ClCompile Include="Views\FunctionInput\view_functionInput.cpp">
      <Filter>Source Files</Filter>
    </ClCompile>
    <ClCompile Include="Views\RenderSpace\view_renderSpace.cpp">
      <Filter>Source Files</Filter>
    </ClCompile>
    <ClCompile Include="Application\Application.cpp">
      <Filter>Source Files</Filter>
    </ClCompile>
    <ClCompile Include="Application\Processes\GraphProcess\GraphsProcess.cpp">
      <Filter>Source Files</Filter>
    </ClCompile>
    <ClCompile Include="Services\BatchRendering\RenderUnits\ru_coordinatePlane.cpp">
      <Filter>Source Files</Filter>
    </ClCompile>
    <ClCompile Include="Services\CoordinateAxis\CoordinateAxis.cpp">
      <Filter>Source Files</Filter>
    </ClCompile>
    <ClCompile Include="Services\CoordinateAxis\CoordinateAxisTraced.cpp">
      <Filter>Source Files</Filter>
    </ClCompile>
    <ClCompile Include="Services\CoordinateAxis\AxisRenderDataCreator.cpp">
      <Filter>Source Files</Filter>
    </ClCompile>
    <ClCompile Include="Services\3DAuxiliaryFunctions\PointsGenerator\GridRenderDataGenerator.cpp">
      <Filter>Source Files</Filter>
    </ClCompile>
    <ClCompile Include="Services\TextRendering\TextRender.cpp">
      <Filter>Source Files</Filter>
    </ClCompile>
    <ClCompile Include="Services\BatchRendering\RenderUnits\ru_coordinateMarks.cpp">
      <Filter>Source Files</Filter>
    </ClCompile>
  </ItemGroup>
  <ItemGroup>
    <ClInclude Include="..\..\ImGuiProjects\imguitest\imconfig.h" />
    <ClInclude Include="..\..\ImGuiProjects\imguitest\imgui.h" />
    <ClInclude Include="..\..\ImGuiProjects\imguitest\imgui_impl_glfw.h" />
    <ClInclude Include="..\..\ImGuiProjects\imguitest\imgui_impl_opengl3.h" />
    <ClInclude Include="..\..\ImGuiProjects\imguitest\imgui_impl_opengl3_loader.h" />
    <ClInclude Include="..\..\ImGuiProjects\imguitest\imgui_internal.h" />
    <ClInclude Include="..\..\ImGuiProjects\imguitest\imstb_rectpack.h" />
    <ClInclude Include="..\..\ImGuiProjects\imguitest\imstb_textedit.h" />
    <ClInclude Include="..\..\ImGuiProjects\imguitest\imstb_truetype.h" />
    <ClInclude Include="Vendor\GLAD\shader_s.h" />
    <ClInclude Include="Vendor\stb_image\stb_image.h" />
    <ClInclude Include="Services\Helpers\Helpers.h" />
    <ClInclude Include="Services\DynamicFunction\DynamicFunctionFabric.h" />
    <ClInclude Include="Services\DynamicFunction\DllFileBuilder.h" />
    <ClInclude Include="Services\3DAuxiliaryFunctions\PointsGenerator\PointsGenerator2to1.h" />
    <ClInclude Include="Services\Shader\shader_s.h" />
    <ClInclude Include="Services\3DAuxiliaryFunctions\IndexGenerator\IGTopSquaresProjection\IGTopSquaresProjection.h" />
    <ClInclude Include="Services\3DAuxiliaryFunctions\VectorFunctions.h" />
    <ClInclude Include="Services\BatchRendering\GLBuffer.h" />
    <ClInclude Include="Services\BatchRendering\GraphicEnums.h" />
    <ClInclude Include="Services\GraphicStructs\GraphicStructs.h" />
    <ClInclude Include="Services\BatchRendering\InputBuffer.h" />
    <ClInclude Include="Services\BatchRendering\FrameViewManager.h" />
    <ClInclude Include="Services\BatchRendering\RenderUnit.h" />
    <ClInclude Include="Services\3DAuxiliaryFunctions\Camera.h" />
    <ClInclude Include="Modules\GraphModule.h" />
    <ClInclude Include="Services\BatchRendering\RenderUnits\ru_graph.h" />
    <ClInclude Include="Services\Graphs\Graph2to1.h" />
    <ClInclude Include="Services\Helpers\trait_is_right_callable.h" />
    <ClInclude Include="Views\FunctionInput\view_functionInput.h" />
    <ClInclude Include="Views\RenderSpace\view_renderSpace.h" />
    <ClInclude Include="Services\Helpers\Macroses.h" />
    <ClInclude Include="Application\Application.h" />
    <ClInclude Include="Services\Helpers\Event.h" />
    <ClInclude Include="Application\Processes\GraphProcess\GraphsProcess.h" />
    <ClInclude Include="Application\Processes\GraphProcess\ModRel_Graph_FuncInput.h" />
    <ClInclude Include="Application\Processes\GraphProcess\ModRel_Graph_RenderSpace.h" />
    <ClInclude Include="Services\BatchRendering\RenderUnits\ru_coordinatePlane.h" />
    <ClInclude Include="Services\CoordinateAxis\CoordinateAxis.h" />
    <ClInclude Include="Services\CoordinateAxis\CoordinateAxisTraced.h" />
    <ClInclude Include="Services\CoordinateAxis\AxisRenderDataCreator.h" />
    <ClInclude Include="Services\3DAuxiliaryFunctions\PointsGenerator\GridRenderDataGenerator.h" />
    <ClInclude Include="Services\TextRendering\TextRender.h" />
    <ClInclude Include="Services\BatchRendering\RenderUnits\ru_coordinateMarks.h" />
  </ItemGroup>
</Project>